
Microsoft Visual Studio Solution File, Format Version 12.00
# Visual Studio Version 16
VisualStudioVersion = 16.0.31702.278
MinimumVisualStudioVersion = 10.0.40219.1
Project("{FAE04EC0-301F-11D3-BF4B-00C04F79EFBC}") = "1gyakorlat", "1gyakorlat\1gyakorlat.csproj", "{4AB99A6C-04B1-478B-99F8-DC5DDF95EED9}"
EndProject
Global
	GlobalSection(SolutionConfigurationPlatforms) = preSolution
		Debug|Any CPU = Debug|Any CPU
		Release|Any CPU = Release|Any CPU
	EndGlobalSection
	GlobalSection(ProjectConfigurationPlatforms) = postSolution
		{4AB99A6C-04B1-478B-99F8-DC5DDF95EED9}.Debug|Any CPU.ActiveCfg = Debug|Any CPU
		{4AB99A6C-04B1-478B-99F8-DC5DDF95EED9}.Debug|Any CPU.Build.0 = Debug|Any CPU
		{4AB99A6C-04B1-478B-99F8-DC5DDF95EED9}.Release|Any CPU.ActiveCfg = Release|Any CPU
		{4AB99A6C-04B1-478B-99F8-DC5DDF95EED9}.Release|Any CPU.Build.0 = Release|Any CPU
	EndGlobalSection
	GlobalSection(SolutionProperties) = preSolution
		HideSolutionNode = FALSE
	EndGlobalSection
	GlobalSection(ExtensibilityGlobals) = postSolution
		SolutionGuid = {6984F4F0-27CA-42F3-AF83-5BA64645ECB6}
	EndGlobalSection
EndGlobal
